{
  "requires": true,
  "lockfileVersion": 1,
  "dependencies": {
    "stable": {
      "version": "0.1.8",
      "resolved": "https://registry.npmjs.org/stable/-/stable-0.1.8.tgz",
      "integrity": "sha1-g26zyDgv4pNv6vVEYxAXzn1Ho88="
    },
    "vue-cookies": {
      "version": "1.7.3",
      "resolved": "https://registry.npmjs.org/vue-cookies/-/vue-cookies-1.7.3.tgz",
      "integrity": "sha512-94AhF6LDHuZkrkWe1miDFkMALD6r9sKYZ+kT0TV9e6L97HST+Ozj+cKaWf97+fWSadJu50a2w/Cgo0iKQhNtKg=="
    },
    "vue-router": {
      "version": "3.3.4",
      "resolved": "https://registry.npmjs.org/vue-router/-/vue-router-3.3.4.tgz",
      "integrity": "sha512-SdKRBeoXUjaZ9R/8AyxsdTqkOfMcI5tWxPZOUX5Ie1BTL5rPSZ0O++pbiZCeYeythiZIdLEfkDiQPKIaWk5hDg=="
    },
    "vuex": {
      "version": "3.5.1",
      "resolved": "https://registry.npmjs.org/vuex/-/vuex-3.5.1.tgz",
      "integrity": "sha512-w7oJzmHQs0FM9LXodfskhw9wgKBiaB+totOdb8sNzbTB2KDCEEwEs29NzBZFh/lmEK1t5tDmM1vtsO7ubG1DFw==",
      "dev": true
    }
  }
}
